
Microsoft Visual Studio Solution File, Format Version 12.00
# Visual Studio Version 17
VisualStudioVersion = 17.14.36221.1
MinimumVisualStudioVersion = 10.0.40219.1
Project("{FAE04EC0-301F-11D3-BF4B-00C04F79EFBC}") = "Bidzy", "Bidzy\Bidzy.csproj", "{02FBC492-CF2A-468F-9BDF-F8748D6C1FFE}"
EndProject
Project("{2150E333-8FDC-42A3-9474-1A3956D46DE8}") = "Solution Items", "Solution Items", "{8EC462FD-D22E-90A8-E5CE-7E832BA40C5D}"
	ProjectSection(SolutionItems) = preProject
		Bidzy\docker-compose.yml = Bidzy\docker-compose.yml
	EndProjectSection
EndProject
Project("{FAE04EC0-301F-11D3-BF4B-00C04F79EFBC}") = "Bidzy.Test", "Bidzy.Test\Bidzy.Test.csproj", "{F066BD4D-6926-4269-87DF-5C1AAE4E84BB}"
EndProject
Global
	GlobalSection(SolutionConfigurationPlatforms) = preSolution
		Debug|Any CPU = Debug|Any CPU
		Release|Any CPU = Release|Any CPU
	EndGlobalSection
	GlobalSection(ProjectConfigurationPlatforms) = postSolution
		{02FBC492-CF2A-468F-9BDF-F8748D6C1FFE}.Debug|Any CPU.ActiveCfg = Debug|Any CPU
		{02FBC492-CF2A-468F-9BDF-F8748D6C1FFE}.Debug|Any CPU.Build.0 = Debug|Any CPU
		{02FBC492-CF2A-468F-9BDF-F8748D6C1FFE}.Release|Any CPU.ActiveCfg = Release|Any CPU
		{02FBC492-CF2A-468F-9BDF-F8748D6C1FFE}.Release|Any CPU.Build.0 = Release|Any CPU
		{F066BD4D-6926-4269-87DF-5C1AAE4E84BB}.Debug|Any CPU.ActiveCfg = Debug|Any CPU
		{F066BD4D-6926-4269-87DF-5C1AAE4E84BB}.Debug|Any CPU.Build.0 = Debug|Any CPU
		{F066BD4D-6926-4269-87DF-5C1AAE4E84BB}.Release|Any CPU.ActiveCfg = Release|Any CPU
		{F066BD4D-6926-4269-87DF-5C1AAE4E84BB}.Release|Any CPU.Build.0 = Release|Any CPU
	EndGlobalSection
	GlobalSection(SolutionProperties) = preSolution
		HideSolutionNode = FALSE
	EndGlobalSection
	GlobalSection(ExtensibilityGlobals) = postSolution
		SolutionGuid = {46BE2874-954C-4E9B-AE0C-6682B276568B}
	EndGlobalSection
EndGlobal
